schema: '2.0'
stages:
  load_data:
    cmd: python3 src/load_data.py --config=params.yaml
    deps:
    - path: data_given/winequality.csv
      md5: ccc8d3507eb151f53f760d36abdef888
      size: 91998
    - path: src/get_data.py
      md5: cbbff0754ab5cf58cc1c3eb2edc2c46f
      size: 583
    - path: src/load_data.py
      md5: beebed94ff8bf430eb6a64eb6aac6b1e
      size: 562
    outs:
    - path: data/raw/winequality.csv
      md5: d98e8f2eca228c11c4de1cc96866a54d
      size: 91998
